
Microsoft Visual Studio Solution File, Format Version 12.00
# Visual Studio Version 16
VisualStudioVersion = 16.0.30517.126
MinimumVisualStudioVersion = 15.0
Project("{9A19103F-16F7-4668-BE54-9A1E7A4F7556}") = "Memory", "Memory\Memory.csproj", "{9ABF5742-7489-455C-B94A-3A85725D939A}"
EndProject
Global
	GlobalSection(SolutionConfigurationPlatforms) = preSolution
		Debug|x64 = Debug|x64
		Debug|x86 = Debug|x86
		Release|x64 = Release|x64
		Release|x86 = Release|x86
	EndGlobalSection
	GlobalSection(ProjectConfigurationPlatforms) = postSolution
		{9ABF5742-7489-455C-B94A-3A85725D939A}.Debug|x64.ActiveCfg = Debug|x64
		{9ABF5742-7489-455C-B94A-3A85725D939A}.Debug|x64.Build.0 = Debug|x64
		{9ABF5742-7489-455C-B94A-3A85725D939A}.Debug|x86.ActiveCfg = Debug|x86
		{9ABF5742-7489-455C-B94A-3A85725D939A}.Debug|x86.Build.0 = Debug|x86
		{9ABF5742-7489-455C-B94A-3A85725D939A}.Release|x64.ActiveCfg = Release|x64
		{9ABF5742-7489-455C-B94A-3A85725D939A}.Release|x64.Build.0 = Release|x64
		{9ABF5742-7489-455C-B94A-3A85725D939A}.Release|x86.ActiveCfg = Release|x86
		{9ABF5742-7489-455C-B94A-3A85725D939A}.Release|x86.Build.0 = Release|x86
	EndGlobalSection
	GlobalSection(SolutionProperties) = preSolution
		HideSolutionNode = FALSE
	EndGlobalSection
	GlobalSection(ExtensibilityGlobals) = postSolution
		SolutionGuid = {3244BE9F-1706-46D8-A21D-2AED40B3F7D0}
	EndGlobalSection
EndGlobal
